
Microsoft Visual Studio Solution File, Format Version 12.00
# Visual Studio Version 16
VisualStudioVersion = 16.0.31515.178
MinimumVisualStudioVersion = 10.0.40219.1
Project("{FAE04EC0-301F-11D3-BF4B-00C04F79EFBC}") = "NuGet_NonSDK_Project", "NuGet_NonSDK_Project\NuGet_NonSDK_Project.csproj", "{9773D111-7D15-4177-B10B-E812FFFF9970}"
EndProject
Global
	GlobalSection(SolutionConfigurationPlatforms) = preSolution
		Debug|Any CPU = Debug|Any CPU
		Release|Any CPU = Release|Any CPU
	EndGlobalSection
	GlobalSection(ProjectConfigurationPlatforms) = postSolution
		{9773D111-7D15-4177-B10B-E812FFFF9970}.Debug|Any CPU.ActiveCfg = Debug|Any CPU
		{9773D111-7D15-4177-B10B-E812FFFF9970}.Debug|Any CPU.Build.0 = Debug|Any CPU
		{9773D111-7D15-4177-B10B-E812FFFF9970}.Release|Any CPU.ActiveCfg = Release|Any CPU
		{9773D111-7D15-4177-B10B-E812FFFF9970}.Release|Any CPU.Build.0 = Release|Any CPU
	EndGlobalSection
	GlobalSection(SolutionProperties) = preSolution
		HideSolutionNode = FALSE
	EndGlobalSection
	GlobalSection(ExtensibilityGlobals) = postSolution
		SolutionGuid = {265DC589-87FD-48DF-BD35-18CB0A9AEF71}
	EndGlobalSection
EndGlobal
